
Microsoft Visual Studio Solution File, Format Version 12.00
# Visual Studio Version 17
VisualStudioVersion = 17.5.002.0
MinimumVisualStudioVersion = 10.0.40219.1
Project("{9A19103F-16F7-4668-BE54-9A1E7A4F7556}") = "VueCineApi", "VueCineApi\VueCineApi.csproj", "{FDD49F53-672E-4368-BFB8-7F9598A61062}"
EndProject
Project("{2150E333-8FDC-42A3-9474-1A3956D46DE8}") = "VueCineApi (1)", "VueCineApi", "{74B223E0-568E-41E4-B719-64B376432CB9}"
EndProject
Project("{9A19103F-16F7-4668-BE54-9A1E7A4F7556}") = "api", "VueCineApi\api\api.csproj", "{217D0BA8-02B7-420F-AF8E-B2FAD50E0072}"
EndProject
Global
	GlobalSection(SolutionConfigurationPlatforms) = preSolution
		Debug|Any CPU = Debug|Any CPU
		Release|Any CPU = Release|Any CPU
	EndGlobalSection
	GlobalSection(ProjectConfigurationPlatforms) = postSolution
		{FDD49F53-672E-4368-BFB8-7F9598A61062}.Debug|Any CPU.ActiveCfg = Debug|Any CPU
		{FDD49F53-672E-4368-BFB8-7F9598A61062}.Debug|Any CPU.Build.0 = Debug|Any CPU
		{FDD49F53-672E-4368-BFB8-7F9598A61062}.Release|Any CPU.ActiveCfg = Release|Any CPU
		{FDD49F53-672E-4368-BFB8-7F9598A61062}.Release|Any CPU.Build.0 = Release|Any CPU
		{217D0BA8-02B7-420F-AF8E-B2FAD50E0072}.Debug|Any CPU.ActiveCfg = Debug|Any CPU
		{217D0BA8-02B7-420F-AF8E-B2FAD50E0072}.Debug|Any CPU.Build.0 = Debug|Any CPU
		{217D0BA8-02B7-420F-AF8E-B2FAD50E0072}.Release|Any CPU.ActiveCfg = Release|Any CPU
		{217D0BA8-02B7-420F-AF8E-B2FAD50E0072}.Release|Any CPU.Build.0 = Release|Any CPU
	EndGlobalSection
	GlobalSection(SolutionProperties) = preSolution
		HideSolutionNode = FALSE
	EndGlobalSection
	GlobalSection(NestedProjects) = preSolution
		{217D0BA8-02B7-420F-AF8E-B2FAD50E0072} = {74B223E0-568E-41E4-B719-64B376432CB9}
	EndGlobalSection
	GlobalSection(ExtensibilityGlobals) = postSolution
		SolutionGuid = {8E6C0B03-BAFD-4F0E-8090-E087839EA475}
	EndGlobalSection
EndGlobal
